<?xml version="1.0" encoding="utf-8"?>
<Project ToolsVersion="4.0" xmlns="http://schemas.microsoft.com/developer/msbuild/2003">
  <ItemGroup>
    <Filter Include="Source Files">
      <UniqueIdentifier>{4FC737F1-C7A5-4376-A066-2A32D752A2FF}</UniqueIdentifier>
      <Extensions>cpp;c;cc;cxx;def;odl;idl;hpj;bat;asm;asmx</Extensions>
    </Filter>
    <Filter Include="Header Files">
      <UniqueIdentifier>{93995380-89BD-4b04-88EB-625FBE52EBFB}</UniqueIdentifier>
      <Extensions>h;hh;hpp;hxx;hm;inl;inc;xsd</Extensions>
    </Filter>
    <Filter Include="Resource Files">
      <UniqueIdentifier>{67DA6AB6-F800-4c08-8B7A-83BB121AAD01}</UniqueIdentifier>
      <Extensions>rc;ico;cur;bmp;dlg;rc2;rct;bin;rgs;gif;jpg;jpeg;jpe;resx;tiff;tif;png;wav;mfcribbon-ms</Extensions>
    </Filter>
    <Filter Include="Source Files\cpp">
      <UniqueIdentifier>{71eb139d-1768-4169-9116-7033871340fe}</UniqueIdentifier>
    </Filter>
    <Filter Include="Source Files\node">
      <UniqueIdentifier>{786a272f-1118-4357-8f2d-bc3968b61e36}</UniqueIdentifier>
    </Filter>
    <Filter Include="Header Files\cpp">
      <UniqueIdentifier>{d4c772d7-a798-419b-bc7d-b99a7f9df3b4}</UniqueIdentifier>
    </Filter>
    <Filter Include="Header Files\node">
      <UniqueIdentifier>{77384a04-3de2-4324-99ac-e2c4fab1d1bb}</UniqueIdentifier>
    </Filter>
  </ItemGroup>
  <ItemGroup>
    <ClInclude Include="src\cpp\client.hpp">
      <Filter>Header Files\cpp</Filter>
    </ClInclude>
    <ClInclude Include="src\node\v8.hpp">
      <Filter>Header Files\node</Filter>
    </ClInclude>
    <ClInclude Include="src\cpp\svn_error.hpp">
      <Filter>Header Files\cpp</Filter>
    </ClInclude>
    <ClInclude Include="src\cpp\svn_type_error.hpp">
      <Filter>Header Files\cpp</Filter>
    </ClInclude>
    <ClInclude Include="src\node\async_client.hpp">
      <Filter>Header Files\node</Filter>
    </ClInclude>
    <ClInclude Include="src\node\node_client.hpp">
      <Filter>Header Files\node</Filter>
    </ClInclude>
    <ClInclude Include="src\node\client_template.hpp">
      <Filter>Header Files\node</Filter>
    </ClInclude>
  </ItemGroup>
  <ItemGroup>
    <ClCompile Include="src\cpp\client.cpp">
      <Filter>Source Files\cpp</Filter>
    </ClCompile>
    <ClCompile Include="src\node\export.cpp">
      <Filter>Source Files\node</Filter>
    </ClCompile>
    <ClCompile Include="src\cpp\svn_error.cpp">
      <Filter>Source Files\cpp</Filter>
    </ClCompile>
    <ClCompile Include="src\node\async_client.cpp">
      <Filter>Source Files\node</Filter>
    </ClCompile>
    <ClCompile Include="src\node\node_client.cpp">
      <Filter>Source Files\node</Filter>
    </ClCompile>
  </ItemGroup>
</Project>